<?xml version="1.0" encoding="UTF-8" standalone="yes" ?>
<CodeBlocks_project_file>
	<FileVersion major="1" minor="6" />
	<Project>
		<Option title="Arduino" />
		<Option pch_mode="2" />
		<Option compiler="gcc" />
		<Build>
			<Target title="Wii">
				<Option output="bin/Arduino_Wii" prefix_auto="1" extension_auto="1" />
				<Option object_output="obj/" />
				<Option type="1" />
				<Option compiler="gcc" />
				<Compiler>
					<Add option="-O2" />
				</Compiler>
				<Linker>
					<Add option="-s" />
				</Linker>
			</Target>
			<Target title="Grafica">
				<Option output="bin/Arduino_Grafica" prefix_auto="1" extension_auto="1" />
				<Option object_output="obj/" />
				<Option type="1" />
				<Option compiler="gcc" />
				<Compiler>
					<Add option="-O2" />
				</Compiler>
				<Linker>
					<Add option="-s" />
				</Linker>
			</Target>
			<Target title="Interprete">
				<Option output="bin/Arduino_Interprete" prefix_auto="1" extension_auto="1" />
				<Option object_output="obj/" />
				<Option type="1" />
				<Option compiler="gcc" />
				<Compiler>
					<Add option="-O2" />
				</Compiler>
				<Linker>
					<Add option="-s" />
				</Linker>
			</Target>
		</Build>
		<Compiler>
			<Add option="-Wall" />
			<Add option="-fexceptions" />
		</Compiler>
		<Unit filename="main_grafica.cpp">
			<Option target="Grafica" />
		</Unit>
		<Unit filename="main_interprete.cpp">
			<Option target="Interprete" />
		</Unit>
		<Unit filename="main_wii.cpp">
			<Option target="Wii" />
		</Unit>
		<Unit filename="serial.cpp" />
		<Unit filename="serial.h" />
		<Extensions>
			<code_completion />
			<envvars />
			<debugger />
			<lib_finder disable_auto="1" />
		</Extensions>
	</Project>
</CodeBlocks_project_file>
