<?xml version="1.0" encoding="UTF-8" standalone="yes" ?>
<CodeBlocks_project_file>
	<FileVersion major="1" minor="6" />
	<Project>
		<Option title="Physics" />
		<Option pch_mode="2" />
		<Option compiler="gcc" />
		<Build>
			<Target title="Debug">
				<Option output="bin/Debug/Physics" prefix_auto="1" extension_auto="1" />
				<Option working_dir="C:/includes/glfw-2.7.9/bin" />
				<Option object_output="obj/Debug/" />
				<Option type="1" />
				<Option compiler="gcc" />
				<Compiler>
					<Add option="-g" />
				</Compiler>
			</Target>
			<Target title="Release">
				<Option output="bin/Release/Physics" prefix_auto="1" extension_auto="1" />
				<Option working_dir="C:/includes/glfw-2.7.9/bin" />
				<Option object_output="obj/Release/" />
				<Option type="0" />
				<Option compiler="gcc" />
				<Compiler>
					<Add option="-O2" />
				</Compiler>
				<Linker>
					<Add option="-s" />
				</Linker>
			</Target>
		</Build>
		<Compiler>
			<Add option="-Wall" />
			<Add directory="C:/includes/glfw-2.7.9/include" />
		</Compiler>
		<Linker>
			<Add library="glfw" />
			<Add library="opengl32" />
			<Add library="glu32" />
			<Add library="gdi32" />
			<Add directory="C:/includes/glfw-2.7.9/lib" />
		</Linker>
		<Unit filename="drawable.cpp" />
		<Unit filename="drawable.h" />
		<Unit filename="fpsmanager.cpp" />
		<Unit filename="fpsmanager.h" />
		<Unit filename="main.cpp" />
		<Unit filename="particle.cpp" />
		<Unit filename="particle.h" />
		<Unit filename="physics.cpp" />
		<Unit filename="physics.h" />
		<Unit filename="tickwaiter.cpp" />
		<Unit filename="tickwaiter.h" />
		<Unit filename="vec.hpp" />
		<Extensions>
			<code_completion />
			<envvars />
			<debugger />
			<lib_finder disable_auto="1" />
		</Extensions>
	</Project>
</CodeBlocks_project_file>
